
Microsoft Visual Studio Solution File, Format Version 12.00
# Visual Studio 15
VisualStudioVersion = 15.0.28307.421
MinimumVisualStudioVersion = 10.0.40219.1
Project("{FAE04EC0-301F-11D3-BF4B-00C04F79EFBC}") = "Game.Penguins", "Game.Penguins\Game.Penguins.csproj", "{8CD89BFC-C81C-4323-AF1A-84657D1EA0D3}"
EndProject
Project("{FAE04EC0-301F-11D3-BF4B-00C04F79EFBC}") = "Game.Penguins.Core", "Game.Penguins.Core\Game.Penguins.Core.csproj", "{80C125C4-2E4E-4AB0-A0A0-F084808683DD}"
EndProject
Project("{2150E333-8FDC-42A3-9474-1A3956D46DE8}") = "Libraries", "Libraries", "{A9EFB1D3-9717-4CA2-8420-70854B3E20ED}"
EndProject
Project("{2150E333-8FDC-42A3-9474-1A3956D46DE8}") = "Application", "Application", "{00EB1831-A1C6-4879-8831-37A3BC1415A4}"
EndProject
Project("{2150E333-8FDC-42A3-9474-1A3956D46DE8}") = "Tests", "Tests", "{E6664B06-DAAB-405E-B9F5-1404124DEBE8}"
EndProject
Project("{2150E333-8FDC-42A3-9474-1A3956D46DE8}") = "AI", "AI", "{89458A26-17DC-45C9-9495-7B261A987DDE}"
EndProject
Project("{FAE04EC0-301F-11D3-BF4B-00C04F79EFBC}") = "Game.Penguins.AI", "Game.Penguins.AI\Game.Penguins.AI.csproj", "{2B262BE3-FC17-47DF-BA3A-A50CE65C4999}"
EndProject
Project("{FAE04EC0-301F-11D3-BF4B-00C04F79EFBC}") = "Game.Penguins.AI.UnitTests", "Game.Penguins.AI.UnitTests\Game.Penguins.AI.UnitTests.csproj", "{843FCEF1-D6E3-4B00-A1BE-0BC50E01565A}"
EndProject
Global
	GlobalSection(SolutionConfigurationPlatforms) = preSolution
		Debug|Any CPU = Debug|Any CPU
		Release|Any CPU = Release|Any CPU
	EndGlobalSection
	GlobalSection(ProjectConfigurationPlatforms) = postSolution
		{8CD89BFC-C81C-4323-AF1A-84657D1EA0D3}.Debug|Any CPU.ActiveCfg = Debug|Any CPU
		{8CD89BFC-C81C-4323-AF1A-84657D1EA0D3}.Debug|Any CPU.Build.0 = Debug|Any CPU
		{8CD89BFC-C81C-4323-AF1A-84657D1EA0D3}.Release|Any CPU.ActiveCfg = Release|Any CPU
		{8CD89BFC-C81C-4323-AF1A-84657D1EA0D3}.Release|Any CPU.Build.0 = Release|Any CPU
		{80C125C4-2E4E-4AB0-A0A0-F084808683DD}.Debug|Any CPU.ActiveCfg = Debug|Any CPU
		{80C125C4-2E4E-4AB0-A0A0-F084808683DD}.Debug|Any CPU.Build.0 = Debug|Any CPU
		{80C125C4-2E4E-4AB0-A0A0-F084808683DD}.Release|Any CPU.ActiveCfg = Release|Any CPU
		{80C125C4-2E4E-4AB0-A0A0-F084808683DD}.Release|Any CPU.Build.0 = Release|Any CPU
		{2B262BE3-FC17-47DF-BA3A-A50CE65C4999}.Debug|Any CPU.ActiveCfg = Debug|Any CPU
		{2B262BE3-FC17-47DF-BA3A-A50CE65C4999}.Debug|Any CPU.Build.0 = Debug|Any CPU
		{2B262BE3-FC17-47DF-BA3A-A50CE65C4999}.Release|Any CPU.ActiveCfg = Release|Any CPU
		{2B262BE3-FC17-47DF-BA3A-A50CE65C4999}.Release|Any CPU.Build.0 = Release|Any CPU
		{843FCEF1-D6E3-4B00-A1BE-0BC50E01565A}.Debug|Any CPU.ActiveCfg = Debug|Any CPU
		{843FCEF1-D6E3-4B00-A1BE-0BC50E01565A}.Debug|Any CPU.Build.0 = Debug|Any CPU
		{843FCEF1-D6E3-4B00-A1BE-0BC50E01565A}.Release|Any CPU.ActiveCfg = Release|Any CPU
		{843FCEF1-D6E3-4B00-A1BE-0BC50E01565A}.Release|Any CPU.Build.0 = Release|Any CPU
	EndGlobalSection
	GlobalSection(SolutionProperties) = preSolution
		HideSolutionNode = FALSE
	EndGlobalSection
	GlobalSection(NestedProjects) = preSolution
		{8CD89BFC-C81C-4323-AF1A-84657D1EA0D3} = {00EB1831-A1C6-4879-8831-37A3BC1415A4}
		{80C125C4-2E4E-4AB0-A0A0-F084808683DD} = {A9EFB1D3-9717-4CA2-8420-70854B3E20ED}
		{89458A26-17DC-45C9-9495-7B261A987DDE} = {A9EFB1D3-9717-4CA2-8420-70854B3E20ED}
		{2B262BE3-FC17-47DF-BA3A-A50CE65C4999} = {89458A26-17DC-45C9-9495-7B261A987DDE}
		{843FCEF1-D6E3-4B00-A1BE-0BC50E01565A} = {E6664B06-DAAB-405E-B9F5-1404124DEBE8}
	EndGlobalSection
	GlobalSection(ExtensibilityGlobals) = postSolution
		SolutionGuid = {C6E57245-376D-4A0B-BA2B-1D4B5A3BB14C}
	EndGlobalSection
EndGlobal
